PODS:
  - Masonry (1.1.0)
  - MJExtension (3.0.13)

DEPENDENCIES:
  - Masonry (~> 1.1.0)
  - MJExtension (~> 3.0.13)

SPEC CHECKSUMS:
  Masonry: 678fab65091a9290e40e2832a55e7ab731aad201
  MJExtension: 5932755f451458eefa24239358817f8d291240c7

PODFILE CHECKSUM: a3d30b6c4944d9649488d9d2c86dc6495a4cf3c7

COCOAPODS: 1.4.0
